version: 2.0
shards:
  exception_page:
    git: https://github.com/crystal-loot/exception_page.git
    version: 0.1.4

  kemal:
    git: https://github.com/kemalcr/kemal.git
    version: 1.0.0+git.commit.3fee0686362d7ab57048ae555bf875e278a278a3

  kemal-session:
    git: https://github.com/kemalcr/kemal-session.git
    version: 1.0.0+git.commit.fca592fdd74578c3d5650cd3d9d89038416d7241

  kilt:
    git: https://github.com/jeromegn/kilt.git
    version: 0.4.1

  myhtml:
    git: https://github.com/kostya/myhtml.git
    version: 1.5.4

  radix:
    git: https://github.com/luislavena/radix.git
    version: 0.4.1

