version: 2.0
shards:
  admiral:
    git: https://github.com/jwaldrip/admiral.cr.git
    version: 1.11.2+git.commit.c3c3467953654554b72c24e7b853d6fbb23f10c0

  clear:
    git: https://github.com/anykeyh/clear.git
    version: 0.9+git.commit.3bdaa44a7d0382fd8f6846afe8b8da95d58d9452

  crest:
    git: https://github.com/mamantoha/crest.git
    version: 0.26.1

  db:
    git: https://github.com/crystal-lang/crystal-db.git
    version: 0.10.0

  exception_page:
    git: https://github.com/crystal-loot/exception_page.git
    version: 0.1.4

  generate:
    git: https://github.com/anykeyh/generate.cr.git
    version: 0.1.0+git.commit.27a59d663ded8ce39a361e3a88b8dd747f59ce42

  http-client-digest_auth:
    git: https://github.com/mamantoha/http-client-digest_auth.git
    version: 0.4.0

  http_proxy:
    git: https://github.com/mamantoha/http_proxy.git
    version: 0.7.1

  icu:
    git: https://github.com/olbat/icu.cr.git
    version: 0.1.0+git.commit.83edbbc63c9e51f0a16a58c41fade72404494857

  inflector:
    git: https://github.com/phoffer/inflector.cr.git
    version: 0.1.8

  kemal:
    git: https://github.com/kemalcr/kemal.git
    version: 0.26.1+git.commit.dfe7dca08f4c9a9456d6132af5f6b59fcd6865e4

  kemal-session:
    git: https://github.com/kemalcr/kemal-session.git
    version: 0.12.1

  kilt:
    git: https://github.com/jeromegn/kilt.git
    version: 0.4.0

  myhtml:
    git: https://github.com/kostya/myhtml.git
    version: 1.5.1

  pg:
    git: https://github.com/will/crystal-pg.git
    version: 0.22.1+git.commit.cafeaf6127d8d50cfc345ae987f63e8d39fd9041

  radix:
    git: https://github.com/luislavena/radix.git
    version: 0.3.9

