version: 2.0
shards:
  admiral:
    git: https://github.com/jwaldrip/admiral.cr.git
    version: 1.12.1

  amber:
    git: https://github.com/amberframework/amber.git
    version: 1.2.1+git.commit.836ab0f92671bfa393ed305d48546dc8f0393528

  amber_router:
    git: https://github.com/amberframework/amber-router.git
    version: 0.4.4

  ameba:
    git: https://github.com/crystal-ameba/ameba.git
    version: 0.13.4

  backtracer:
    git: https://github.com/sija/backtracer.cr.git
    version: 1.2.1

  callback:
    git: https://github.com/amberframework/callback.git
    version: 0.9.2

  clear:
    git: https://github.com/np-nam/clear.git
    version: 0.9+git.commit.bc1d06c6e92d1d7ab819b9fec5e67061f12ee394

  cli:
    git: https://github.com/amberframework/cli.git
    version: 0.11.4

  cmark:
    git: https://github.com/amauryt/cr-cmark-gfm.git
    version: 0.1.0+git.commit.c59a22223a901abd78bf0dd0a61cdc87cb65e2a5

  compiled_license:
    git: https://github.com/elorest/compiled_license.git
    version: 1.2.2

  db:
    git: https://github.com/crystal-lang/crystal-db.git
    version: 0.10.1

  email:
    git: https://github.com/arcage/crystal-email.git
    version: 0.6.3

  exception_page:
    git: https://github.com/crystal-loot/exception_page.git
    version: 0.2.1

  future:
    git: https://github.com/crystal-community/future.cr.git
    version: 1.0.0

  garnet_spec:
    git: https://github.com/amberframework/garnet-spec.git
    version: 0.4.1

  generate:
    git: https://github.com/anykeyh/generate.cr.git
    version: 0.1.0+git.commit.f5dafc934a70e0ee2f246dddf3df44686f844da2

  icu:
    git: https://github.com/olbat/icu.cr.git
    version: 0.1.0+git.commit.fdf870c29d02694cc6414563970cabe00da6544d

  inflector:
    git: https://github.com/phoffer/inflector.cr.git
    version: 1.0.0

  json_mapping:
    git: https://github.com/crystal-lang/json_mapping.cr.git
    version: 0.1.1

  kilt:
    git: https://github.com/jeromegn/kilt.git
    version: 0.6.1

  lexbor:
    git: https://github.com/kostya/lexbor.git
    version: 3.0.2

  liquid:
    git: https://github.com/dare892/liquid.cr.git
    version: 0.4.1+git.commit.e4ef5ca06bf5bafe74e0b270c7aae2941a91ddd3

  micrate:
    git: https://github.com/amberframework/micrate.git
    version: 0.12.0

  mysql:
    git: https://github.com/crystal-lang/crystal-mysql.git
    version: 0.13.0

  optarg:
    git: https://github.com/amberframework/optarg.git
    version: 0.9.3

  pg:
    git: https://github.com/will/crystal-pg.git
    version: 0.23.2

  pool:
    git: https://github.com/ysbaddaden/pool.git
    version: 0.2.4

  quartz_mailer:
    git: https://github.com/amberframework/quartz-mailer.git
    version: 0.8.0

  redis:
    git: https://github.com/stefanwille/crystal-redis.git
    version: 2.7.0

  selenium:
    git: https://github.com/amberframework/selenium-webdriver-crystal.git
    version: 0.5.0

  shell-table:
    git: https://github.com/luckyframework/shell-table.cr.git
    version: 0.9.3

  slang:
    git: https://github.com/jeromegn/slang.git
    version: 1.7.3

  sqlite3:
    git: https://github.com/crystal-lang/crystal-sqlite3.git
    version: 0.18.0

  tabkv:
    git: https://github.com/chi-vi/tabkv.git
    version: 0.2.0+git.commit.56cf3099f2bb0e58f5e9a3870fb7aec348c07020

  teeplate:
    git: https://github.com/amberframework/teeplate.git
    version: 0.11.2

  yaml_mapping:
    git: https://github.com/crystal-lang/yaml_mapping.cr.git
    version: 0.1.1

